
Microsoft Visual Studio Solution File, Format Version 12.00
# Visual Studio Version 16
VisualStudioVersion = 16.0.29911.84
MinimumVisualStudioVersion = 10.0.40219.1
Project("{FAE04EC0-301F-11D3-BF4B-00C04F79EFBC}") = "MultiverseScanner", "MultiverseScanner\MultiverseScanner.csproj", "{D22F1438-861B-4B44-8230-E49CB23D692C}"
EndProject
Project("{FAE04EC0-301F-11D3-BF4B-00C04F79EFBC}") = "ConsoleScanner", "ConsoleScanner\ConsoleScanner.csproj", "{16F173FF-40E7-4F6D-98C4-52ED6EF11059}"
EndProject
Global
	GlobalSection(SolutionConfigurationPlatforms) = preSolution
		Debug|Any CPU = Debug|Any CPU
		Release|Any CPU = Release|Any CPU
	EndGlobalSection
	GlobalSection(ProjectConfigurationPlatforms) = postSolution
		{D22F1438-861B-4B44-8230-E49CB23D692C}.Debug|Any CPU.ActiveCfg = Debug|Any CPU
		{D22F1438-861B-4B44-8230-E49CB23D692C}.Debug|Any CPU.Build.0 = Debug|Any CPU
		{D22F1438-861B-4B44-8230-E49CB23D692C}.Release|Any CPU.ActiveCfg = Release|Any CPU
		{D22F1438-861B-4B44-8230-E49CB23D692C}.Release|Any CPU.Build.0 = Release|Any CPU
		{16F173FF-40E7-4F6D-98C4-52ED6EF11059}.Debug|Any CPU.ActiveCfg = Debug|Any CPU
		{16F173FF-40E7-4F6D-98C4-52ED6EF11059}.Debug|Any CPU.Build.0 = Debug|Any CPU
		{16F173FF-40E7-4F6D-98C4-52ED6EF11059}.Release|Any CPU.ActiveCfg = Release|Any CPU
		{16F173FF-40E7-4F6D-98C4-52ED6EF11059}.Release|Any CPU.Build.0 = Release|Any CPU
	EndGlobalSection
	GlobalSection(SolutionProperties) = preSolution
		HideSolutionNode = FALSE
	EndGlobalSection
	GlobalSection(ExtensibilityGlobals) = postSolution
		SolutionGuid = {3102093F-BB59-4394-8018-E3C9004DC507}
	EndGlobalSection
EndGlobal
